// !$*UTF8*$!
{
	archiveVersion = 1;
	classes = {
	};
	objectVersion = 51;
	objects = {

/* Begin PBXBuildFile section */
		265EEF1A259C9D910001AC1B /* search.png in Resources */ = {isa = PBXBuildFile; fileRef = 265EEF19259C9D910001AC1B /* search.png */; };
		6C8E12BC23CBD1A8005DD8C3 /* AppDelegate.swift in Sources */ = {isa = PBXBuildFile; fileRef = 6C8E12BB23CBD1A8005DD8C3 /* AppDelegate.swift */; };
		6C8E12C123CBD1A8005DD8C3 /* Main.storyboard in Resources */ = {isa = PBXBuildFile; fileRef = 6C8E12BF23CBD1A8005DD8C3 /* Main.storyboard */; };
		6C8E12C323CBD1A9005DD8C3 /* Assets.xcassets in Resources */ = {isa = PBXBuildFile; fileRef = 6C8E12C223CBD1A9005DD8C3 /* Assets.xcassets */; };
		6C8E12C623CBD1A9005DD8C3 /* LaunchScreen.storyboard in Resources */ = {isa = PBXBuildFile; fileRef = 6C8E12C423CBD1A9005DD8C3 /* LaunchScreen.storyboard */; };
		6C8E12CE23CBD1DC005DD8C3 /* ItemsViewController.swift in Sources */ = {isa = PBXBuildFile; fileRef = 6C8E12CD23CBD1DC005DD8C3 /* ItemsViewController.swift */; };
		6C8E12D023CBD262005DD8C3 /* Item.swift in Sources */ = {isa = PBXBuildFile; fileRef = 6C8E12CF23CBD262005DD8C3 /* Item.swift */; };
		6C8E12D223CBD2E4005DD8C3 /* ItemStore.swift in Sources */ = {isa = PBXBuildFile; fileRef = 6C8E12D123CBD2E4005DD8C3 /* ItemStore.swift */; };
		6C8E12D423CC3935005DD8C3 /* ItemCell.swift in Sources */ = {isa = PBXBuildFile; fileRef = 6C8E12D323CC3935005DD8C3 /* ItemCell.swift */; };
		6C8E12D623CC4FDF005DD8C3 /* DetailViewController.swift in Sources */ = {isa = PBXBuildFile; fileRef = 6C8E12D523CC4FDF005DD8C3 /* DetailViewController.swift */; };
		6C8E12DE23CCB93B005DD8C3 /* ImageStore.swift in Sources */ = {isa = PBXBuildFile; fileRef = 6C8E12DD23CCB93B005DD8C3 /* ImageStore.swift */; };
		76BE7DED24A9B01800543720 /* GoogleService-Info.plist in Resources */ = {isa = PBXBuildFile; fileRef = 76BE7DEC24A9B01800543720 /* GoogleService-Info.plist */; };
		76BE7DEF24A9B3F900543720 /* ItemStoreWithFIrebase.swift in Sources */ = {isa = PBXBuildFile; fileRef = 76BE7DEE24A9B3F900543720 /* ItemStoreWithFIrebase.swift */; };
		76BE7DF124A9C86800543720 /* ImageStoreWithFirebase.swift in Sources */ = {isa = PBXBuildFile; fileRef = 76BE7DF024A9C86800543720 /* ImageStoreWithFirebase.swift */; };
		76BE7DF324AAF2C700543720 /* ItemStoreWithFireStore.swift in Sources */ = {isa = PBXBuildFile; fileRef = 76BE7DF224AAF2C700543720 /* ItemStoreWithFireStore.swift */; };
		C47C68BA0F38A7CBEDA1C24D /* Pods_ch15_HomePwnerWithTableView_hw5.framework in Frameworks */ = {isa = PBXBuildFile; fileRef = C29C6C831514554EC4349BCA /* Pods_ch15_HomePwnerWithTableView_hw5.framework */; };
/* End PBXBuildFile section */

/* Begin PBXFileReference section */
		265EEF19259C9D910001AC1B /* search.png */ = {isa = PBXFileReference; lastKnownFileType = image.png; path = search.png; sourceTree = "<group>"; };
		6C8E12B823CBD1A8005DD8C3 /* ch15-HomePwnerWithTableView-hw5.app */ = {isa = PBXFileReference; explicitFileType = wrapper.application; includeInIndex = 0; path = "ch15-HomePwnerWithTableView-hw5.app"; sourceTree = BUILT_PRODUCTS_DIR; };
		6C8E12BB23CBD1A8005DD8C3 /* AppDelegate.swift */ = {isa = PBXFileReference; lastKnownFileType = sourcecode.swift; path = AppDelegate.swift; sourceTree = "<group>"; };
		6C8E12C023CBD1A8005DD8C3 /* Base */ = {isa = PBXFileReference; lastKnownFileType = file.storyboard; name = Base; path = Base.lproj/Main.storyboard; sourceTree = "<group>"; };
		6C8E12C223CBD1A9005DD8C3 /* Assets.xcassets */ = {isa = PBXFileReference; lastKnownFileType = folder.assetcatalog; path = Assets.xcassets; sourceTree = "<group>"; };
		6C8E12C523CBD1A9005DD8C3 /* Base */ = {isa = PBXFileReference; lastKnownFileType = file.storyboard; name = Base; path = Base.lproj/LaunchScreen.storyboard; sourceTree = "<group>"; };
		6C8E12C723CBD1A9005DD8C3 /* Info.plist */ = {isa = PBXFileReference; lastKnownFileType = text.plist.xml; path = Info.plist; sourceTree = "<group>"; };
		6C8E12CD23CBD1DC005DD8C3 /* ItemsViewController.swift */ = {isa = PBXFileReference; lastKnownFileType = sourcecode.swift; path = ItemsViewController.swift; sourceTree = "<group>"; };
		6C8E12CF23CBD262005DD8C3 /* Item.swift */ = {isa = PBXFileReference; lastKnownFileType = sourcecode.swift; path = Item.swift; sourceTree = "<group>"; };
		6C8E12D123CBD2E4005DD8C3 /* ItemStore.swift */ = {isa = PBXFileReference; lastKnownFileType = sourcecode.swift; path = ItemStore.swift; sourceTree = "<group>"; };
		6C8E12D323CC3935005DD8C3 /* ItemCell.swift */ = {isa = PBXFileReference; lastKnownFileType = sourcecode.swift; path = ItemCell.swift; sourceTree = "<group>"; };
		6C8E12D523CC4FDF005DD8C3 /* DetailViewController.swift */ = {isa = PBXFileReference; lastKnownFileType = sourcecode.swift; path = DetailViewController.swift; sourceTree = "<group>"; };
		6C8E12DD23CCB93B005DD8C3 /* ImageStore.swift */ = {isa = PBXFileReference; lastKnownFileType = sourcecode.swift; path = ImageStore.swift; sourceTree = "<group>"; };
		76BE7DEC24A9B01800543720 /* GoogleService-Info.plist */ = {isa = PBXFileReference; fileEncoding = 4; lastKnownFileType = text.plist.xml; path = "GoogleService-Info.plist"; sourceTree = "<group>"; };
		76BE7DEE24A9B3F900543720 /* ItemStoreWithFIrebase.swift */ = {isa = PBXFileReference; lastKnownFileType = sourcecode.swift; path = ItemStoreWithFIrebase.swift; sourceTree = "<group>"; };
		76BE7DF024A9C86800543720 /* ImageStoreWithFirebase.swift */ = {isa = PBXFileReference; lastKnownFileType = sourcecode.swift; path = ImageStoreWithFirebase.swift; sourceTree = "<group>"; };
		76BE7DF224AAF2C700543720 /* ItemStoreWithFireStore.swift */ = {isa = PBXFileReference; lastKnownFileType = sourcecode.swift; path = ItemStoreWithFireStore.swift; sourceTree = "<group>"; };
		7D0672CA8466628E989C5EDD /* Pods-ch15-HomePwnerWithTableView-hw5.release.xcconfig */ = {isa = PBXFileReference; includeInIndex = 1; lastKnownFileType = text.xcconfig; name = "Pods-ch15-HomePwnerWithTableView-hw5.release.xcconfig"; path = "Target Support Files/Pods-ch15-HomePwnerWithTableView-hw5/Pods-ch15-HomePwnerWithTableView-hw5.release.xcconfig"; sourceTree = "<group>"; };
		A0EC29C278A8EDA88514B3E1 /* Pods-ch15-HomePwnerWithTableView-hw5.debug.xcconfig */ = {isa = PBXFileReference; includeInIndex = 1; lastKnownFileType = text.xcconfig; name = "Pods-ch15-HomePwnerWithTableView-hw5.debug.xcconfig"; path = "Target Support Files/Pods-ch15-HomePwnerWithTableView-hw5/Pods-ch15-HomePwnerWithTableView-hw5.debug.xcconfig"; sourceTree = "<group>"; };
		C29C6C831514554EC4349BCA /* Pods_ch15_HomePwnerWithTableView_hw5.framework */ = {isa = PBXFileReference; explicitFileType = wrapper.framework; includeInIndex = 0; path = Pods_ch15_HomePwnerWithTableView_hw5.framework; sourceTree = BUILT_PRODUCTS_DIR; };
/* End PBXFileReference section */

/* Begin PBXFrameworksBuildPhase section */
		6C8E12B523CBD1A8005DD8C3 /* Frameworks */ = {
			isa = PBXFrameworksBuildPhase;
			buildActionMask = 2147483647;
			files = (
				C47C68BA0F38A7CBEDA1C24D /* Pods_ch15_HomePwnerWithTableView_hw5.framework in Frameworks */,
			);
			runOnlyForDeploymentPostprocessing = 0;
		};
/* End PBXFrameworksBuildPhase section */

/* Begin PBXGroup section */
		6C8E12AF23CBD1A8005DD8C3 = {
			isa = PBXGroup;
			children = (
				6C8E12BA23CBD1A8005DD8C3 /* ch15-HomePwnerWithTableView-hw5 */,
				6C8E12B923CBD1A8005DD8C3 /* Products */,
				E58C0B303ECFB383AFCAA2D5 /* Pods */,
				859265CA75E9CFD3E26E0A04 /* Frameworks */,
			);
			sourceTree = "<group>";
		};
		6C8E12B923CBD1A8005DD8C3 /* Products */ = {
			isa = PBXGroup;
			children = (
				6C8E12B823CBD1A8005DD8C3 /* ch15-HomePwnerWithTableView-hw5.app */,
			);
			name = Products;
			sourceTree = "<group>";
		};
		6C8E12BA23CBD1A8005DD8C3 /* ch15-HomePwnerWithTableView-hw5 */ = {
			isa = PBXGroup;
			children = (
				6C8E12BB23CBD1A8005DD8C3 /* AppDelegate.swift */,
				6C8E12BF23CBD1A8005DD8C3 /* Main.storyboard */,
				6C8E12C223CBD1A9005DD8C3 /* Assets.xcassets */,
				265EEF19259C9D910001AC1B /* search.png */,
				6C8E12C423CBD1A9005DD8C3 /* LaunchScreen.storyboard */,
				6C8E12C723CBD1A9005DD8C3 /* Info.plist */,
				76BE7DEC24A9B01800543720 /* GoogleService-Info.plist */,
				6C8E12CD23CBD1DC005DD8C3 /* ItemsViewController.swift */,
				6C8E12CF23CBD262005DD8C3 /* Item.swift */,
				6C8E12D123CBD2E4005DD8C3 /* ItemStore.swift */,
				6C8E12D323CC3935005DD8C3 /* ItemCell.swift */,
				6C8E12D523CC4FDF005DD8C3 /* DetailViewController.swift */,
				6C8E12DD23CCB93B005DD8C3 /* ImageStore.swift */,
				76BE7DEE24A9B3F900543720 /* ItemStoreWithFIrebase.swift */,
				76BE7DF024A9C86800543720 /* ImageStoreWithFirebase.swift */,
				76BE7DF224AAF2C700543720 /* ItemStoreWithFireStore.swift */,
			);
			path = "ch15-HomePwnerWithTableView-hw5";
			sourceTree = "<group>";
		};
		859265CA75E9CFD3E26E0A04 /* Frameworks */ = {
			isa = PBXGroup;
			children = (
				C29C6C831514554EC4349BCA /* Pods_ch15_HomePwnerWithTableView_hw5.framework */,
			);
			name = Frameworks;
			sourceTree = "<group>";
		};
		E58C0B303ECFB383AFCAA2D5 /* Pods */ = {
			isa = PBXGroup;
			children = (
				A0EC29C278A8EDA88514B3E1 /* Pods-ch15-HomePwnerWithTableView-hw5.debug.xcconfig */,
				7D0672CA8466628E989C5EDD /* Pods-ch15-HomePwnerWithTableView-hw5.release.xcconfig */,
			);
			path = Pods;
			sourceTree = "<group>";
		};
/* End PBXGroup section */

/* Begin PBXNativeTarget section */
		6C8E12B723CBD1A8005DD8C3 /* ch15-HomePwnerWithTableView-hw5 */ = {
			isa = PBXNativeTarget;
			buildConfigurationList = 6C8E12CA23CBD1A9005DD8C3 /* Build configuration list for PBXNativeTarget "ch15-HomePwnerWithTableView-hw5" */;
			buildPhases = (
				CC5507BF586FDE5DB3943DC5 /* [CP] Check Pods Manifest.lock */,
				6C8E12B423CBD1A8005DD8C3 /* Sources */,
				6C8E12B523CBD1A8005DD8C3 /* Frameworks */,
				6C8E12B623CBD1A8005DD8C3 /* Resources */,
				5BAC69DF9DFEFFD06E24C0F7 /* [CP] Embed Pods Frameworks */,
			);
			buildRules = (
			);
			dependencies = (
			);
			name = "ch15-HomePwnerWithTableView-hw5";
			productName = "ch09-HomePwner";
			productReference = 6C8E12B823CBD1A8005DD8C3 /* ch15-HomePwnerWithTableView-hw5.app */;
			productType = "com.apple.product-type.application";
		};
/* End PBXNativeTarget section */

/* Begin PBXProject section */
		6C8E12B023CBD1A8005DD8C3 /* Project object */ = {
			isa = PBXProject;
			attributes = {
				LastSwiftUpdateCheck = 1010;
				LastUpgradeCheck = 1010;
				ORGANIZATIONNAME = "Jae Moon Lee";
				TargetAttributes = {
					6C8E12B723CBD1A8005DD8C3 = {
						CreatedOnToolsVersion = 10.1;
					};
				};
			};
			buildConfigurationList = 6C8E12B323CBD1A8005DD8C3 /* Build configuration list for PBXProject "ch15-HomePwnerWithTableView-hw5" */;
			compatibilityVersion = "Xcode 9.3";
			developmentRegion = en;
			hasScannedForEncodings = 0;
			knownRegions = (
				en,
				Base,
			);
			mainGroup = 6C8E12AF23CBD1A8005DD8C3;
			productRefGroup = 6C8E12B923CBD1A8005DD8C3 /* Products */;
			projectDirPath = "";
			projectRoot = "";
			targets = (
				6C8E12B723CBD1A8005DD8C3 /* ch15-HomePwnerWithTableView-hw5 */,
			);
		};
/* End PBXProject section */

/* Begin PBXResourcesBuildPhase section */
		6C8E12B623CBD1A8005DD8C3 /* Resources */ = {
			isa = PBXResourcesBuildPhase;
			buildActionMask = 2147483647;
			files = (
				265EEF1A259C9D910001AC1B /* search.png in Resources */,
				6C8E12C623CBD1A9005DD8C3 /* LaunchScreen.storyboard in Resources */,
				6C8E12C323CBD1A9005DD8C3 /* Assets.xcassets in Resources */,
				6C8E12C123CBD1A8005DD8C3 /* Main.storyboard in Resources */,
				76BE7DED24A9B01800543720 /* GoogleService-Info.plist in Resources */,
			);
			runOnlyForDeploymentPostprocessing = 0;
		};
/* End PBXResourcesBuildPhase section */

/* Begin PBXShellScriptBuildPhase section */
		5BAC69DF9DFEFFD06E24C0F7 /* [CP] Embed Pods Frameworks */ = {
			isa = PBXShellScriptBuildPhase;
			buildActionMask = 2147483647;
			files = (
			);
			inputFileListPaths = (
				"${PODS_ROOT}/Target Support Files/Pods-ch15-HomePwnerWithTableView-hw5/Pods-ch15-HomePwnerWithTableView-hw5-frameworks-${CONFIGURATION}-input-files.xcfilelist",
			);
			name = "[CP] Embed Pods Frameworks";
			outputFileListPaths = (
				"${PODS_ROOT}/Target Support Files/Pods-ch15-HomePwnerWithTableView-hw5/Pods-ch15-HomePwnerWithTableView-hw5-frameworks-${CONFIGURATION}-output-files.xcfilelist",
			);
			runOnlyForDeploymentPostprocessing = 0;
			shellPath = /bin/sh;
			shellScript = "\"${PODS_ROOT}/Target Support Files/Pods-ch15-HomePwnerWithTableView-hw5/Pods-ch15-HomePwnerWithTableView-hw5-frameworks.sh\"\n";
			showEnvVarsInLog = 0;
		};
		CC5507BF586FDE5DB3943DC5 /* [CP] Check Pods Manifest.lock */ = {
			isa = PBXShellScriptBuildPhase;
			buildActionMask = 2147483647;
			files = (
			);
			inputFileListPaths = (
			);
			inputPaths = (
				"${PODS_PODFILE_DIR_PATH}/Podfile.lock",
				"${PODS_ROOT}/Manifest.lock",
			);
			name = "[CP] Check Pods Manifest.lock";
			outputFileListPaths = (
			);
			outputPaths = (
				"$(DERIVED_FILE_DIR)/Pods-ch15-HomePwnerWithTableView-hw5-checkManifestLockResult.txt",
			);
			runOnlyForDeploymentPostprocessing = 0;
			shellPath = /bin/sh;
			shellScript = "diff \"${PODS_PODFILE_DIR_PATH}/Podfile.lock\" \"${PODS_ROOT}/Manifest.lock\" > /dev/null\nif [ $? != 0 ] ; then\n    # print error to STDERR\n    echo \"error: The sandbox is not in sync with the Podfile.lock. Run 'pod install' or update your CocoaPods installation.\" >&2\n    exit 1\nfi\n# This output is used by Xcode 'outputs' to avoid re-running this script phase.\necho \"SUCCESS\" > \"${SCRIPT_OUTPUT_FILE_0}\"\n";
			showEnvVarsInLog = 0;
		};
/* End PBXShellScriptBuildPhase section */

/* Begin PBXSourcesBuildPhase section */
		6C8E12B423CBD1A8005DD8C3 /* Sources */ = {
			isa = PBXSourcesBuildPhase;
			buildActionMask = 2147483647;
			files = (
				6C8E12D023CBD262005DD8C3 /* Item.swift in Sources */,
				6C8E12CE23CBD1DC005DD8C3 /* ItemsViewController.swift in Sources */,
				76BE7DF124A9C86800543720 /* ImageStoreWithFirebase.swift in Sources */,
				6C8E12D223CBD2E4005DD8C3 /* ItemStore.swift in Sources */,
				76BE7DF324AAF2C700543720 /* ItemStoreWithFireStore.swift in Sources */,
				6C8E12D623CC4FDF005DD8C3 /* DetailViewController.swift in Sources */,
				6C8E12BC23CBD1A8005DD8C3 /* AppDelegate.swift in Sources */,
				6C8E12DE23CCB93B005DD8C3 /* ImageStore.swift in Sources */,
				6C8E12D423CC3935005DD8C3 /* ItemCell.swift in Sources */,
				76BE7DEF24A9B3F900543720 /* ItemStoreWithFIrebase.swift in Sources */,
			);
			runOnlyForDeploymentPostprocessing = 0;
		};
/* End PBXSourcesBuildPhase section */

/* Begin PBXVariantGroup section */
		6C8E12BF23CBD1A8005DD8C3 /* Main.storyboard */ = {
			isa = PBXVariantGroup;
			children = (
				6C8E12C023CBD1A8005DD8C3 /* Base */,
			);
			name = Main.storyboard;
			sourceTree = "<group>";
		};
		6C8E12C423CBD1A9005DD8C3 /* LaunchScreen.storyboard */ = {
			isa = PBXVariantGroup;
			children = (
				6C8E12C523CBD1A9005DD8C3 /* Base */,
			);
			name = LaunchScreen.storyboard;
			sourceTree = "<group>";
		};
/* End PBXVariantGroup section */

/* Begin XCBuildConfiguration section */
		6C8E12C823CBD1A9005DD8C3 /* Debug */ = {
			isa = XCBuildConfiguration;
			buildSettings = {
				ALWAYS_SEARCH_USER_PATHS = NO;
				CLANG_ANALYZER_NONNULL = YES;
				CLANG_ANALYZER_NUMBER_OBJECT_CONVERSION = YES_AGGRESSIVE;
				CLANG_CXX_LANGUAGE_STANDARD = "gnu++14";
				CLANG_CXX_LIBRARY = "libc++";
				CLANG_ENABLE_MODULES = YES;
				CLANG_ENABLE_OBJC_ARC = YES;
				CLANG_ENABLE_OBJC_WEAK = YES;
				CLANG_WARN_BLOCK_CAPTURE_AUTORELEASING = YES;
				CLANG_WARN_BOOL_CONVERSION = YES;
				CLANG_WARN_COMMA = YES;
				CLANG_WARN_CONSTANT_CONVERSION = YES;
				CLANG_WARN_DEPRECATED_OBJC_IMPLEMENTATIONS = YES;
				CLANG_WARN_DIRECT_OBJC_ISA_USAGE = YES_ERROR;
				CLANG_WARN_DOCUMENTATION_COMMENTS = YES;
				CLANG_WARN_EMPTY_BODY = YES;
				CLANG_WARN_ENUM_CONVERSION = YES;
				CLANG_WARN_INFINITE_RECURSION = YES;
				CLANG_WARN_INT_CONVERSION = YES;
				CLANG_WARN_NON_LITERAL_NULL_CONVERSION = YES;
				CLANG_WARN_OBJC_IMPLICIT_RETAIN_SELF = YES;
				CLANG_WARN_OBJC_LITERAL_CONVERSION = YES;
				CLANG_WARN_OBJC_ROOT_CLASS = YES_ERROR;
				CLANG_WARN_RANGE_LOOP_ANALYSIS = YES;
				CLANG_WARN_STRICT_PROTOTYPES = YES;
				CLANG_WARN_SUSPICIOUS_MOVE = YES;
				CLANG_WARN_UNGUARDED_AVAILABILITY = YES_AGGRESSIVE;
				CLANG_WARN_UNREACHABLE_CODE = YES;
				CLANG_WARN__DUPLICATE_METHOD_MATCH = YES;
				CODE_SIGN_IDENTITY = "iPhone Developer";
				COPY_PHASE_STRIP = NO;
				DEBUG_INFORMATION_FORMAT = dwarf;
				ENABLE_STRICT_OBJC_MSGSEND = YES;
				ENABLE_TESTABILITY = YES;
				GCC_C_LANGUAGE_STANDARD = gnu11;
				GCC_DYNAMIC_NO_PIC = NO;
				GCC_NO_COMMON_BLOCKS = YES;
				GCC_OPTIMIZATION_LEVEL = 0;
				GCC_PREPROCESSOR_DEFINITIONS = (
					"DEBUG=1",
					"$(inherited)",
				);
				GCC_WARN_64_TO_32_BIT_CONVERSION = YES;
				GCC_WARN_ABOUT_RETURN_TYPE = YES_ERROR;
				GCC_WARN_UNDECLARED_SELECTOR = YES;
				GCC_WARN_UNINITIALIZED_AUTOS = YES_AGGRESSIVE;
				GCC_WARN_UNUSED_FUNCTION = YES;
				GCC_WARN_UNUSED_VARIABLE = YES;
				IPHONEOS_DEPLOYMENT_TARGET = 12.1;
				MTL_ENABLE_DEBUG_INFO = INCLUDE_SOURCE;
				MTL_FAST_MATH = YES;
				ONLY_ACTIVE_ARCH = YES;
				SDKROOT = iphoneos;
				SWIFT_ACTIVE_COMPILATION_CONDITIONS = DEBUG;
				SWIFT_OPTIMIZATION_LEVEL = "-Onone";
			};
			name = Debug;
		};
		6C8E12C923CBD1A9005DD8C3 /* Release */ = {
			isa = XCBuildConfiguration;
			buildSettings = {
				ALWAYS_SEARCH_USER_PATHS = NO;
				CLANG_ANALYZER_NONNULL = YES;
				CLANG_ANALYZER_NUMBER_OBJECT_CONVERSION = YES_AGGRESSIVE;
				CLANG_CXX_LANGUAGE_STANDARD = "gnu++14";
				CLANG_CXX_LIBRARY = "libc++";
				CLANG_ENABLE_MODULES = YES;
				CLANG_ENABLE_OBJC_ARC = YES;
				CLANG_ENABLE_OBJC_WEAK = YES;
				CLANG_WARN_BLOCK_CAPTURE_AUTORELEASING = YES;
				CLANG_WARN_BOOL_CONVERSION = YES;
				CLANG_WARN_COMMA = YES;
				CLANG_WARN_CONSTANT_CONVERSION = YES;
				CLANG_WARN_DEPRECATED_OBJC_IMPLEMENTATIONS = YES;
				CLANG_WARN_DIRECT_OBJC_ISA_USAGE = YES_ERROR;
				CLANG_WARN_DOCUMENTATION_COMMENTS = YES;
				CLANG_WARN_EMPTY_BODY = YES;
				CLANG_WARN_ENUM_CONVERSION = YES;
				CLANG_WARN_INFINITE_RECURSION = YES;
				CLANG_WARN_INT_CONVERSION = YES;
				CLANG_WARN_NON_LITERAL_NULL_CONVERSION = YES;
				CLANG_WARN_OBJC_IMPLICIT_RETAIN_SELF = YES;
				CLANG_WARN_OBJC_LITERAL_CONVERSION = YES;
				CLANG_WARN_OBJC_ROOT_CLASS = YES_ERROR;
				CLANG_WARN_RANGE_LOOP_ANALYSIS = YES;
				CLANG_WARN_STRICT_PROTOTYPES = YES;
				CLANG_WARN_SUSPICIOUS_MOVE = YES;
				CLANG_WARN_UNGUARDED_AVAILABILITY = YES_AGGRESSIVE;
				CLANG_WARN_UNREACHABLE_CODE = YES;
				CLANG_WARN__DUPLICATE_METHOD_MATCH = YES;
				CODE_SIGN_IDENTITY = "iPhone Developer";
				COPY_PHASE_STRIP = NO;
				DEBUG_INFORMATION_FORMAT = "dwarf-with-dsym";
				ENABLE_NS_ASSERTIONS = NO;
				ENABLE_STRICT_OBJC_MSGSEND = YES;
				GCC_C_LANGUAGE_STANDARD = gnu11;
				GCC_NO_COMMON_BLOCKS = YES;
				GCC_WARN_64_TO_32_BIT_CONVERSION = YES;
				GCC_WARN_ABOUT_RETURN_TYPE = YES_ERROR;
				GCC_WARN_UNDECLARED_SELECTOR = YES;
				GCC_WARN_UNINITIALIZED_AUTOS = YES_AGGRESSIVE;
				GCC_WARN_UNUSED_FUNCTION = YES;
				GCC_WARN_UNUSED_VARIABLE = YES;
				IPHONEOS_DEPLOYMENT_TARGET = 12.1;
				MTL_ENABLE_DEBUG_INFO = NO;
				MTL_FAST_MATH = YES;
				SDKROOT = iphoneos;
				SWIFT_COMPILATION_MODE = wholemodule;
				SWIFT_OPTIMIZATION_LEVEL = "-O";
				VALIDATE_PRODUCT = YES;
			};
			name = Release;
		};
		6C8E12CB23CBD1A9005DD8C3 /* Debug */ = {
			isa = XCBuildConfiguration;
			baseConfigurationReference = A0EC29C278A8EDA88514B3E1 /* Pods-ch15-HomePwnerWithTableView-hw5.debug.xcconfig */;
			buildSettings = {
				ASSETCATALOG_COMPILER_APPICON_NAME = AppIcon;
				CODE_SIGN_STYLE = Automatic;
				DEVELOPMENT_TEAM = KUAV85P94F;
				INFOPLIST_FILE = "$(SRCROOT)/ch15-HomePwnerWithTableView-hw5/Info.plist";
				LD_RUNPATH_SEARCH_PATHS = (
					"$(inherited)",
					"@executable_path/Frameworks",
				);
				PRODUCT_BUNDLE_IDENTIFIER = "hyeyeon.hansung.ac.kr.ch15-HomePwnerWithTableView-hw5-hyeyeon";
				PRODUCT_NAME = "$(TARGET_NAME)";
				SWIFT_VERSION = 4.2;
				TARGETED_DEVICE_FAMILY = "1,2";
			};
			name = Debug;
		};
		6C8E12CC23CBD1A9005DD8C3 /* Release */ = {
			isa = XCBuildConfiguration;
			baseConfigurationReference = 7D0672CA8466628E989C5EDD /* Pods-ch15-HomePwnerWithTableView-hw5.release.xcconfig */;
			buildSettings = {
				ASSETCATALOG_COMPILER_APPICON_NAME = AppIcon;
				CODE_SIGN_STYLE = Automatic;
				DEVELOPMENT_TEAM = KUAV85P94F;
				INFOPLIST_FILE = "$(SRCROOT)/ch15-HomePwnerWithTableView-hw5/Info.plist";
				LD_RUNPATH_SEARCH_PATHS = (
					"$(inherited)",
					"@executable_path/Frameworks",
				);
				PRODUCT_BUNDLE_IDENTIFIER = "hyeyeon.hansung.ac.kr.ch15-HomePwnerWithTableView-hw5-hyeyeon";
				PRODUCT_NAME = "$(TARGET_NAME)";
				SWIFT_VERSION = 4.2;
				TARGETED_DEVICE_FAMILY = "1,2";
			};
			name = Release;
		};
/* End XCBuildConfiguration section */

/* Begin XCConfigurationList section */
		6C8E12B323CBD1A8005DD8C3 /* Build configuration list for PBXProject "ch15-HomePwnerWithTableView-hw5" */ = {
			isa = XCConfigurationList;
			buildConfigurations = (
				6C8E12C823CBD1A9005DD8C3 /* Debug */,
				6C8E12C923CBD1A9005DD8C3 /* Release */,
			);
			defaultConfigurationIsVisible = 0;
			defaultConfigurationName = Release;
		};
		6C8E12CA23CBD1A9005DD8C3 /* Build configuration list for PBXNativeTarget "ch15-HomePwnerWithTableView-hw5" */ = {
			isa = XCConfigurationList;
			buildConfigurations = (
				6C8E12CB23CBD1A9005DD8C3 /* Debug */,
				6C8E12CC23CBD1A9005DD8C3 /* Release */,
			);
			defaultConfigurationIsVisible = 0;
			defaultConfigurationName = Release;
		};
/* End XCConfigurationList section */
	};
	rootObject = 6C8E12B023CBD1A8005DD8C3 /* Project object */;
}
